
Microsoft Visual Studio Solution File, Format Version 12.00
# Visual Studio Version 17
VisualStudioVersion = 17.11.35327.3
MinimumVisualStudioVersion = 10.0.40219.1
Project("{8BC9CEB8-8B4A-11D0-8D11-00A0C91BC942}") = "CalcExp3000", "CalcExp3000\CalcExp3000.vcxproj", "{A253704C-43E3-49BB-98EF-2F9446CCAF83}"
EndProject
Global
	GlobalSection(SolutionConfigurationPlatforms) = preSolution
		Debug|x64 = Debug|x64
		Debug|x86 = Debug|x86
		Release|x64 = Release|x64
		Release|x86 = Release|x86
	EndGlobalSection
	GlobalSection(ProjectConfigurationPlatforms) = postSolution
		{A253704C-43E3-49BB-98EF-2F9446CCAF83}.Debug|x64.ActiveCfg = Debug|x64
		{A253704C-43E3-49BB-98EF-2F9446CCAF83}.Debug|x64.Build.0 = Debug|x64
		{A253704C-43E3-49BB-98EF-2F9446CCAF83}.Debug|x86.ActiveCfg = Debug|Win32
		{A253704C-43E3-49BB-98EF-2F9446CCAF83}.Debug|x86.Build.0 = Debug|Win32
		{A253704C-43E3-49BB-98EF-2F9446CCAF83}.Release|x64.ActiveCfg = Release|x64
		{A253704C-43E3-49BB-98EF-2F9446CCAF83}.Release|x64.Build.0 = Release|x64
		{A253704C-43E3-49BB-98EF-2F9446CCAF83}.Release|x86.ActiveCfg = Release|Win32
		{A253704C-43E3-49BB-98EF-2F9446CCAF83}.Release|x86.Build.0 = Release|Win32
	EndGlobalSection
	GlobalSection(SolutionProperties) = preSolution
		HideSolutionNode = FALSE
	EndGlobalSection
	GlobalSection(ExtensibilityGlobals) = postSolution
		SolutionGuid = {607CCC57-9738-4673-AE4F-59C118792564}
	EndGlobalSection
EndGlobal
